SITE
  remote: http://community.opscode.com/api/v1
  specs:
    apache2 (1.3.2)
    application (2.0.0)
    application_ruby (1.0.6)
      apache2 (>= 0.0.0)
      application (>= 0.0.0)
      passenger_apache2 (>= 0.0.0)
      runit (>= 0.0.0)
      unicorn (>= 0.0.0)
    apt (2.3.6)
    aws (0.100.4)
    build-essential (1.3.0)
    chef_handler (1.1.4)
    database (1.3.6)
      aws (>= 0.0.0)
      mysql (>= 1.3.0)
      postgresql (>= 1.0.0)
      xfs (>= 0.0.0)
    dmg (2.1.4)
    git (2.2.0)
      build-essential (>= 0.0.0)
      dmg (>= 0.0.0)
      runit (<= 0.16.2)
      windows (>= 0.0.0)
      yum (>= 0.0.0)
    mysql (2.0.2)
      build-essential (>= 0.0.0)
      openssl (>= 0.0.0)
    nginx (1.8.0)
      apt (>= 0.0.0)
      build-essential (>= 0.0.0)
      ohai (>= 1.1.4)
      runit (>= 0.0.0)
      yum (>= 0.0.0)
    ohai (1.1.12)
    openssl (1.0.0)
    passenger_apache2 (1.0.0)
      apache2 (>= 1.0.4)
      build-essential (>= 0.0.0)
    postgresql (2.1.0)
      openssl (>= 0.0.0)
    runit (0.16.0)
    squid (0.2.10)
    unicorn (1.1.0)
    windows (1.12.8)
      chef_handler (>= 0.0.0)
    xfs (1.0.0)
    yum (3.0.6)

GIT
  remote: git://github.com/fnichol/chef-rbenv.git
  ref: v0.7.2
  sha: f2b53292e810dd2b43f6121f9958f5f29979dcb1
  specs:
    rbenv (0.7.2)

GIT
  remote: git://github.com/fnichol/chef-ruby_build.git
  ref: v0.8.0
  sha: ed2d3841784ecf60c1de808946307b588efe644f
  specs:
    ruby_build (0.8.0)

GIT
  remote: git://github.com/sethvargo-cookbooks/swap.git
  ref: v0.3.6
  sha: 07c8e3aec11473deed6ecaf15922c2c164a8cc27
  specs:
    swap (0.3.5)

PATH
  remote: site-cookbooks/hetzner_one
  specs:
    hetzner_one (0.1.0)

DEPENDENCIES
  application_ruby (>= 0)
  apt (>= 0)
  database (>= 0)
  git (>= 0)
  hetzner_one (>= 0)
  nginx (>= 0)
  rbenv (>= 0)
  ruby_build (>= 0)
  squid (>= 0)
  swap (>= 0)

